
Microsoft Visual Studio Solution File, Format Version 12.00
# Visual Studio 15
VisualStudioVersion = 15.0.28307.329
MinimumVisualStudioVersion = 10.0.40219.1
Project("{FAE04EC0-301F-11D3-BF4B-00C04F79EFBC}") = "MorseCodeTranslator", "MorseCodeTranslator\MorseCodeTranslator.csproj", "{0643F0D9-EA77-4328-A923-171779CB4969}"
EndProject
Global
	GlobalSection(SolutionConfigurationPlatforms) = preSolution
		Debug|Any CPU = Debug|Any CPU
		Release|Any CPU = Release|Any CPU
	EndGlobalSection
	GlobalSection(ProjectConfigurationPlatforms) = postSolution
		{0643F0D9-EA77-4328-A923-171779CB4969}.Debug|Any CPU.ActiveCfg = Debug|Any CPU
		{0643F0D9-EA77-4328-A923-171779CB4969}.Debug|Any CPU.Build.0 = Debug|Any CPU
		{0643F0D9-EA77-4328-A923-171779CB4969}.Release|Any CPU.ActiveCfg = Release|Any CPU
		{0643F0D9-EA77-4328-A923-171779CB4969}.Release|Any CPU.Build.0 = Release|Any CPU
	EndGlobalSection
	GlobalSection(SolutionProperties) = preSolution
		HideSolutionNode = FALSE
	EndGlobalSection
	GlobalSection(ExtensibilityGlobals) = postSolution
		SolutionGuid = {75533A08-3372-4560-B2BF-DDA399F6CEE9}
	EndGlobalSection
EndGlobal
